<?xml version="1.0" encoding="utf-8"?>
<Project ToolsVersion="4.0" xmlns="http://schemas.microsoft.com/developer/msbuild/2003">
  <ItemGroup>
    <ClCompile Include="4D Plugin API\4DPluginAPI.c">
      <Filter>4D Plugin API</Filter>
    </ClCompile>
    <ClCompile Include="4DPlugin-$4DEVAL(Replace string:C233($1.PRODUCT_NAME;" ";"-")).cpp" />
  </ItemGroup>
  <ItemGroup>
    <ClInclude Include="4D Plugin API\4DPluginAPI.h">
      <Filter>4D Plugin API</Filter>
    </ClInclude>
    <ClInclude Include="4D Plugin API\EntryPoints.h">
      <Filter>4D Plugin API</Filter>
    </ClInclude>
    <ClInclude Include="4D Plugin API\Flags.h">
      <Filter>4D Plugin API</Filter>
    </ClInclude>
    <ClInclude Include="4D Plugin API\PrivateTypes.h">
      <Filter>4D Plugin API</Filter>
    </ClInclude>
    <ClInclude Include="4D Plugin API\PublicTypes.h">
      <Filter>4D Plugin API</Filter>
    </ClInclude>
    <ClInclude Include="4DPlugin-$4DEVAL(Replace string:C233($1.PRODUCT_NAME;" ";"-")).h" />
  </ItemGroup>
  <ItemGroup>
    <Filter Include="4D Plugin API">
      <UniqueIdentifier>{51800f7b-66bf-4dcc-8e9f-7fed4ea6fbe9}</UniqueIdentifier>
    </Filter>
  </ItemGroup>
  <ItemGroup>
    <None Include="4D Plugin API\4DPluginAPI.def">
      <Filter>4D Plugin API</Filter>
    </None>
  </ItemGroup>
</Project>