// !$*UTF8*$!
{
	archiveVersion = 1;
	classes = {
	};
	objectVersion = 52;
	objects = {

/* Begin PBXBuildFile section */
		18B684F706944F2000CC6A1E /* 4DPluginAPI.h in Headers */ = {isa = PBXBuildFile; fileRef = 18B684F006944F2000CC6A1E /* 4DPluginAPI.h */; };
		18B684F806944F2000CC6A1E /* EntryPoints.h in Headers */ = {isa = PBXBuildFile; fileRef = 18B684F106944F2000CC6A1E /* EntryPoints.h */; };
		18B684F906944F2000CC6A1E /* Flags.h in Headers */ = {isa = PBXBuildFile; fileRef = 18B684F206944F2000CC6A1E /* Flags.h */; };
		18B684FA06944F2000CC6A1E /* PrivateTypes.h in Headers */ = {isa = PBXBuildFile; fileRef = 18B684F306944F2000CC6A1E /* PrivateTypes.h */; };
		18B684FB06944F2000CC6A1E /* PublicTypes.h in Headers */ = {isa = PBXBuildFile; fileRef = 18B684F406944F2000CC6A1E /* PublicTypes.h */; };
		18B684FF06944F8800CC6A1E /* 4DPlugin-cURL.cpp in Sources */ = {isa = PBXBuildFile; fileRef = 18B684FE06944F8800CC6A1E /* 4DPlugin-cURL.cpp */; };
		8D01CCCA0486CAD60068D4B7 /* InfoPlist.strings in Resources */ = {isa = PBXBuildFile; fileRef = 089C167DFE841241C02AAC07 /* InfoPlist.strings */; };
		D120937F13534DCC00A72CAA /* 4DPlugin-cURL.h in Headers */ = {isa = PBXBuildFile; fileRef = D120937E13534DCC00A72CAA /* 4DPlugin-cURL.h */; };
		D130064F12F02D9700702C0E /* Cocoa.framework in Frameworks */ = {isa = PBXBuildFile; fileRef = D130064E12F02D9700702C0E /* Cocoa.framework */; };
		D13116A91A03ACB700DE1322 /* 4DPluginAPI.c in Sources */ = {isa = PBXBuildFile; fileRef = D13116A81A03ACB700DE1322 /* 4DPluginAPI.c */; settings = {COMPILER_FLAGS = "-Wno-multichar"; }; };
		D134D4AC1A030BA0008D14EF /* manifest.json in CopyFiles */ = {isa = PBXBuildFile; fileRef = D134D4A91A030B06008D14EF /* manifest.json */; };
		D155A50726130E820015464C /* libunistring.a in Frameworks */ = {isa = PBXBuildFile; fileRef = D155A4FB26130E820015464C /* libunistring.a */; };
		D155A50926130E820015464C /* libmodman.a in Frameworks */ = {isa = PBXBuildFile; fileRef = D155A4FD26130E820015464C /* libmodman.a */; };
		D155A50A26130E820015464C /* libcrypto.a in Frameworks */ = {isa = PBXBuildFile; fileRef = D155A4FE26130E820015464C /* libcrypto.a */; };
		D155A50B26130E820015464C /* libproxy.a in Frameworks */ = {isa = PBXBuildFile; fileRef = D155A4FF26130E820015464C /* libproxy.a */; };
		D155A50C26130E820015464C /* libz.a in Frameworks */ = {isa = PBXBuildFile; fileRef = D155A50026130E820015464C /* libz.a */; };
		D155A50D26130E820015464C /* libidn2.a in Frameworks */ = {isa = PBXBuildFile; fileRef = D155A50126130E820015464C /* libidn2.a */; };
		D155A51026130E820015464C /* libjsoncpp.a in Frameworks */ = {isa = PBXBuildFile; fileRef = D155A50426130E820015464C /* libjsoncpp.a */; };
		D155A51126130E820015464C /* libnghttp2.a in Frameworks */ = {isa = PBXBuildFile; fileRef = D155A50526130E820015464C /* libnghttp2.a */; };
		D155A51226130E820015464C /* libssl.a in Frameworks */ = {isa = PBXBuildFile; fileRef = D155A50626130E820015464C /* libssl.a */; };
		D155A51826130F900015464C /* C_TYPES.h in Headers */ = {isa = PBXBuildFile; fileRef = D155A51526130F900015464C /* C_TYPES.h */; };
		D155A51926130F900015464C /* C_BLOB.cpp in Sources */ = {isa = PBXBuildFile; fileRef = D155A51626130F900015464C /* C_BLOB.cpp */; };
		D155A51A26130F900015464C /* C_BLOB.h in Headers */ = {isa = PBXBuildFile; fileRef = D155A51726130F900015464C /* C_BLOB.h */; };
		D155A51F26130FBC0015464C /* C_TEXT.h in Headers */ = {isa = PBXBuildFile; fileRef = D155A51D26130FBC0015464C /* C_TEXT.h */; };
		D155A52026130FBC0015464C /* C_TEXT.cpp in Sources */ = {isa = PBXBuildFile; fileRef = D155A51E26130FBC0015464C /* C_TEXT.cpp */; };
		D155A525261332130015464C /* ufopen.h in Headers */ = {isa = PBXBuildFile; fileRef = D155A523261332130015464C /* ufopen.h */; };
		D155A526261332130015464C /* ufopen.c in Sources */ = {isa = PBXBuildFile; fileRef = D155A524261332130015464C /* ufopen.c */; };
		D155A52B2613351E0015464C /* 4DPlugin-JSON.cpp in Sources */ = {isa = PBXBuildFile; fileRef = D155A5292613351E0015464C /* 4DPlugin-JSON.cpp */; };
		D155A52C2613351E0015464C /* 4DPlugin-JSON.h in Headers */ = {isa = PBXBuildFile; fileRef = D155A52A2613351E0015464C /* 4DPlugin-JSON.h */; };
		D155A53026133EB50015464C /* libcurl.a in Frameworks */ = {isa = PBXBuildFile; fileRef = D155A52F26133EB50015464C /* libcurl.a */; };
		D155A53326133F3D0015464C /* LDAP.framework in Frameworks */ = {isa = PBXBuildFile; fileRef = D155A53226133F3D0015464C /* LDAP.framework */; };
		D155A53926133F950015464C /* JavaScriptCore.framework in Frameworks */ = {isa = PBXBuildFile; fileRef = D155A53826133F950015464C /* JavaScriptCore.framework */; };
		D155A53C26133FAF0015464C /* SystemConfiguration.framework in Frameworks */ = {isa = PBXBuildFile; fileRef = D155A53B26133FAF0015464C /* SystemConfiguration.framework */; };
		D155A53F261345690015464C /* libzstd.a in Frameworks */ = {isa = PBXBuildFile; fileRef = D155A53E261345690015464C /* libzstd.a */; };
		D155A544261346DD0015464C /* libbrotlienc-static.a in Frameworks */ = {isa = PBXBuildFile; fileRef = D155A541261346DD0015464C /* libbrotlienc-static.a */; };
		D155A545261346DD0015464C /* libbrotlicommon-static.a in Frameworks */ = {isa = PBXBuildFile; fileRef = D155A542261346DD0015464C /* libbrotlicommon-static.a */; };
		D155A546261346DD0015464C /* libbrotlidec-static.a in Frameworks */ = {isa = PBXBuildFile; fileRef = D155A543261346DD0015464C /* libbrotlidec-static.a */; };
		D155A54A26135ABF0015464C /* C_LONGINT.h in Headers */ = {isa = PBXBuildFile; fileRef = D155A54826135ABF0015464C /* C_LONGINT.h */; };
		D155A54B26135ABF0015464C /* C_LONGINT.cpp in Sources */ = {isa = PBXBuildFile; fileRef = D155A54926135ABF0015464C /* C_LONGINT.cpp */; };
		D157E67E261461A600F340B7 /* libiconv.a in Frameworks */ = {isa = PBXBuildFile; fileRef = D157E67D261461A600F340B7 /* libiconv.a */; };
		D1B903A4279E6566001792B4 /* libssh2.a in Frameworks */ = {isa = PBXBuildFile; fileRef = D155A4FC26130E820015464C /* libssh2.a */; };
		D1B903A5279E6961001792B4 /* Security.framework in Frameworks */ = {isa = PBXBuildFile; fileRef = D155A53526133F470015464C /* Security.framework */; platformFilter = maccatalyst; };
		D1B903A7279E6A60001792B4 /* librtmp.a in Frameworks */ = {isa = PBXBuildFile; fileRef = D1B903A6279E6A4C001792B4 /* librtmp.a */; };
		D1B903A9279E6ABC001792B4 /* GSS.framework in Frameworks */ = {isa = PBXBuildFile; fileRef = D1B903A8279E6ABC001792B4 /* GSS.framework */; platformFilter = maccatalyst; };
		D1BF53F7270EB85400F6E1EE /* ftpparse.h in Headers */ = {isa = PBXBuildFile; fileRef = D1BF53F6270EB85400F6E1EE /* ftpparse.h */; };
		D1BF53FA270EB85800F6E1EE /* ftpparse.c in Sources */ = {isa = PBXBuildFile; fileRef = D1BF53F9270EB85800F6E1EE /* ftpparse.c */; };
/* End PBXBuildFile section */

/* Begin PBXCopyFilesBuildPhase section */
		D134D4AB1A030B7A008D14EF /* CopyFiles */ = {
			isa = PBXCopyFilesBuildPhase;
			buildActionMask = 2147483647;
			dstPath = "";
			dstSubfolderSpec = 7;
			files = (
				D134D4AC1A030BA0008D14EF /* manifest.json in CopyFiles */,
			);
			runOnlyForDeploymentPostprocessing = 0;
		};
/* End PBXCopyFilesBuildPhase section */

/* Begin PBXFileReference section */
		089C167EFE841241C02AAC07 /* English */ = {isa = PBXFileReference; fileEncoding = 4; lastKnownFileType = text.plist.strings; name = English; path = English.lproj/InfoPlist.strings; sourceTree = "<group>"; };
		189286350695AD8900B05D6E /* cURL.bundle */ = {isa = PBXFileReference; explicitFileType = wrapper.cfbundle; includeInIndex = 0; path = cURL.bundle; sourceTree = BUILT_PRODUCTS_DIR; };
		18B684F006944F2000CC6A1E /* 4DPluginAPI.h */ = {isa = PBXFileReference; fileEncoding = 30; lastKnownFileType = sourcecode.c.h; path = 4DPluginAPI.h; sourceTree = "<group>"; };
		18B684F106944F2000CC6A1E /* EntryPoints.h */ = {isa = PBXFileReference; fileEncoding = 30; lastKnownFileType = sourcecode.c.h; path = EntryPoints.h; sourceTree = "<group>"; };
		18B684F206944F2000CC6A1E /* Flags.h */ = {isa = PBXFileReference; fileEncoding = 30; lastKnownFileType = sourcecode.c.h; path = Flags.h; sourceTree = "<group>"; };
		18B684F306944F2000CC6A1E /* PrivateTypes.h */ = {isa = PBXFileReference; fileEncoding = 30; lastKnownFileType = sourcecode.c.h; path = PrivateTypes.h; sourceTree = "<group>"; };
		18B684F406944F2000CC6A1E /* PublicTypes.h */ = {isa = PBXFileReference; fileEncoding = 30; lastKnownFileType = sourcecode.c.h; path = PublicTypes.h; sourceTree = "<group>"; };
		18B684FE06944F8800CC6A1E /* 4DPlugin-cURL.cpp */ = {isa = PBXFileReference; explicitFileType = sourcecode.cpp.objcpp; fileEncoding = 30; path = "4DPlugin-cURL.cpp"; sourceTree = "<group>"; };
		8D01CCD10486CAD60068D4B7 /* Info.plist */ = {isa = PBXFileReference; fileEncoding = 4; lastKnownFileType = text.plist; path = Info.plist; sourceTree = "<group>"; };
		D120937E13534DCC00A72CAA /* 4DPlugin-cURL.h */ = {isa = PBXFileReference; fileEncoding = 4; lastKnownFileType = sourcecode.c.h; path = "4DPlugin-cURL.h"; sourceTree = "<group>"; };
		D130064E12F02D9700702C0E /* Cocoa.framework */ = {isa = PBXFileReference; lastKnownFileType = wrapper.framework; name = Cocoa.framework; path = /System/Library/Frameworks/Cocoa.framework; sourceTree = "<absolute>"; };
		D13116A81A03ACB700DE1322 /* 4DPluginAPI.c */ = {isa = PBXFileReference; explicitFileType = sourcecode.cpp.objcpp; fileEncoding = 4; path = 4DPluginAPI.c; sourceTree = "<group>"; };
		D134D4A91A030B06008D14EF /* manifest.json */ = {isa = PBXFileReference; fileEncoding = 4; lastKnownFileType = text.json; path = manifest.json; sourceTree = "<group>"; };
		D14D10DD1A03A8A5008B3411 /* constants.xlf */ = {isa = PBXFileReference; fileEncoding = 4; lastKnownFileType = text.xml; path = constants.xlf; sourceTree = "<group>"; };
		D155A4FB26130E820015464C /* libunistring.a */ = {isa = PBXFileReference; lastKnownFileType = archive.ar; name = libunistring.a; path = a/libunistring.a; sourceTree = "<group>"; };
		D155A4FC26130E820015464C /* libssh2.a */ = {isa = PBXFileReference; lastKnownFileType = archive.ar; name = libssh2.a; path = a/libssh2.a; sourceTree = "<group>"; };
		D155A4FD26130E820015464C /* libmodman.a */ = {isa = PBXFileReference; lastKnownFileType = archive.ar; name = libmodman.a; path = a/libmodman.a; sourceTree = "<group>"; };
		D155A4FE26130E820015464C /* libcrypto.a */ = {isa = PBXFileReference; lastKnownFileType = archive.ar; name = libcrypto.a; path = a/libcrypto.a; sourceTree = "<group>"; };
		D155A4FF26130E820015464C /* libproxy.a */ = {isa = PBXFileReference; lastKnownFileType = archive.ar; name = libproxy.a; path = a/libproxy.a; sourceTree = "<group>"; };
		D155A50026130E820015464C /* libz.a */ = {isa = PBXFileReference; lastKnownFileType = archive.ar; name = libz.a; path = a/libz.a; sourceTree = "<group>"; };
		D155A50126130E820015464C /* libidn2.a */ = {isa = PBXFileReference; lastKnownFileType = archive.ar; name = libidn2.a; path = a/libidn2.a; sourceTree = "<group>"; };
		D155A50426130E820015464C /* libjsoncpp.a */ = {isa = PBXFileReference; lastKnownFileType = archive.ar; name = libjsoncpp.a; path = a/libjsoncpp.a; sourceTree = "<group>"; };
		D155A50526130E820015464C /* libnghttp2.a */ = {isa = PBXFileReference; lastKnownFileType = archive.ar; name = libnghttp2.a; path = a/libnghttp2.a; sourceTree = "<group>"; };
		D155A50626130E820015464C /* libssl.a */ = {isa = PBXFileReference; lastKnownFileType = archive.ar; name = libssl.a; path = a/libssl.a; sourceTree = "<group>"; };
		D155A51526130F900015464C /* C_TYPES.h */ = {isa = PBXFileReference; fileEncoding = 4; lastKnownFileType = sourcecode.c.h; name = C_TYPES.h; path = "4D Plugin API/Classes/C_TYPES.h"; sourceTree = "<group>"; };
		D155A51626130F900015464C /* C_BLOB.cpp */ = {isa = PBXFileReference; explicitFileType = sourcecode.cpp.objcpp; fileEncoding = 4; name = C_BLOB.cpp; path = "4D Plugin API/Classes/C_BLOB.cpp"; sourceTree = "<group>"; };
		D155A51726130F900015464C /* C_BLOB.h */ = {isa = PBXFileReference; fileEncoding = 4; lastKnownFileType = sourcecode.c.h; name = C_BLOB.h; path = "4D Plugin API/Classes/C_BLOB.h"; sourceTree = "<group>"; };
		D155A51D26130FBC0015464C /* C_TEXT.h */ = {isa = PBXFileReference; fileEncoding = 4; lastKnownFileType = sourcecode.c.h; name = C_TEXT.h; path = "4D Plugin API/Classes/C_TEXT.h"; sourceTree = "<group>"; };
		D155A51E26130FBC0015464C /* C_TEXT.cpp */ = {isa = PBXFileReference; explicitFileType = sourcecode.cpp.objcpp; fileEncoding = 4; name = C_TEXT.cpp; path = "4D Plugin API/Classes/C_TEXT.cpp"; sourceTree = "<group>"; };
		D155A523261332130015464C /* ufopen.h */ = {isa = PBXFileReference; fileEncoding = 4; lastKnownFileType = sourcecode.c.h; name = ufopen.h; path = support/ufopen.h; sourceTree = "<group>"; };
		D155A524261332130015464C /* ufopen.c */ = {isa = PBXFileReference; explicitFileType = sourcecode.cpp.objcpp; fileEncoding = 4; name = ufopen.c; path = support/ufopen.c; sourceTree = "<group>"; };
		D155A5292613351E0015464C /* 4DPlugin-JSON.cpp */ = {isa = PBXFileReference; explicitFileType = sourcecode.cpp.objcpp; fileEncoding = 4; name = "4DPlugin-JSON.cpp"; path = "support/4DPlugin-JSON.cpp"; sourceTree = "<group>"; };
		D155A52A2613351E0015464C /* 4DPlugin-JSON.h */ = {isa = PBXFileReference; fileEncoding = 4; lastKnownFileType = sourcecode.c.h; name = "4DPlugin-JSON.h"; path = "support/4DPlugin-JSON.h"; sourceTree = "<group>"; };
		D155A52F26133EB50015464C /* libcurl.a */ = {isa = PBXFileReference; lastKnownFileType = archive.ar; name = libcurl.a; path = a/libcurl.a; sourceTree = "<group>"; };
		D155A53226133F3D0015464C /* LDAP.framework */ = {isa = PBXFileReference; lastKnownFileType = wrapper.framework; name = LDAP.framework; path = System/Library/Frameworks/LDAP.framework; sourceTree = SDKROOT; };
		D155A53526133F470015464C /* Security.framework */ = {isa = PBXFileReference; lastKnownFileType = wrapper.framework; name = Security.framework; path = System/Library/Frameworks/Security.framework; sourceTree = SDKROOT; };
		D155A53826133F950015464C /* JavaScriptCore.framework */ = {isa = PBXFileReference; lastKnownFileType = wrapper.framework; name = JavaScriptCore.framework; path = System/Library/Frameworks/JavaScriptCore.framework; sourceTree = SDKROOT; };
		D155A53B26133FAF0015464C /* SystemConfiguration.framework */ = {isa = PBXFileReference; lastKnownFileType = wrapper.framework; name = SystemConfiguration.framework; path = System/Library/Frameworks/SystemConfiguration.framework; sourceTree = SDKROOT; };
		D155A53E261345690015464C /* libzstd.a */ = {isa = PBXFileReference; lastKnownFileType = archive.ar; name = libzstd.a; path = a/libzstd.a; sourceTree = "<group>"; };
		D155A541261346DD0015464C /* libbrotlienc-static.a */ = {isa = PBXFileReference; lastKnownFileType = archive.ar; name = "libbrotlienc-static.a"; path = "a/libbrotlienc-static.a"; sourceTree = "<group>"; };
		D155A542261346DD0015464C /* libbrotlicommon-static.a */ = {isa = PBXFileReference; lastKnownFileType = archive.ar; name = "libbrotlicommon-static.a"; path = "a/libbrotlicommon-static.a"; sourceTree = "<group>"; };
		D155A543261346DD0015464C /* libbrotlidec-static.a */ = {isa = PBXFileReference; lastKnownFileType = archive.ar; name = "libbrotlidec-static.a"; path = "a/libbrotlidec-static.a"; sourceTree = "<group>"; };
		D155A54826135ABF0015464C /* C_LONGINT.h */ = {isa = PBXFileReference; fileEncoding = 4; lastKnownFileType = sourcecode.c.h; name = C_LONGINT.h; path = "4D Plugin API/Classes/C_LONGINT.h"; sourceTree = "<group>"; };
		D155A54926135ABF0015464C /* C_LONGINT.cpp */ = {isa = PBXFileReference; explicitFileType = sourcecode.cpp.objcpp; fileEncoding = 4; name = C_LONGINT.cpp; path = "4D Plugin API/Classes/C_LONGINT.cpp"; sourceTree = "<group>"; };
		D157E66B26145FEC00F340B7 /* libiconv.tbd */ = {isa = PBXFileReference; lastKnownFileType = "sourcecode.text-based-dylib-definition"; name = libiconv.tbd; path = usr/lib/libiconv.tbd; sourceTree = SDKROOT; };
		D157E67D261461A600F340B7 /* libiconv.a */ = {isa = PBXFileReference; lastKnownFileType = archive.ar; name = libiconv.a; path = a/libiconv.a; sourceTree = "<group>"; };
		D1B903A3279E6329001792B4 /* ssh-keychain.tbd */ = {isa = PBXFileReference; lastKnownFileType = "sourcecode.text-based-dylib-definition"; name = "ssh-keychain.tbd"; path = "usr/lib/ssh-keychain.tbd"; sourceTree = SDKROOT; };
		D1B903A6279E6A4C001792B4 /* librtmp.a */ = {isa = PBXFileReference; lastKnownFileType = archive.ar; name = librtmp.a; path = a/librtmp.a; sourceTree = "<group>"; };
		D1B903A8279E6ABC001792B4 /* GSS.framework */ = {isa = PBXFileReference; lastKnownFileType = wrapper.framework; name = GSS.framework; path = System/Library/Frameworks/GSS.framework; sourceTree = SDKROOT; };
		D1BF53F6270EB85400F6E1EE /* ftpparse.h */ = {isa = PBXFileReference; fileEncoding = 4; lastKnownFileType = sourcecode.c.h; name = ftpparse.h; path = include/ftpparse.h; sourceTree = "<group>"; };
		D1BF53F9270EB85800F6E1EE /* ftpparse.c */ = {isa = PBXFileReference; explicitFileType = sourcecode.cpp.objcpp; fileEncoding = 4; name = ftpparse.c; path = include/ftpparse.c; sourceTree = "<group>"; };
/* End PBXFileReference section */

/* Begin PBXFrameworksBuildPhase section */
		8D01CCCD0486CAD60068D4B7 /* Frameworks */ = {
			isa = PBXFrameworksBuildPhase;
			buildActionMask = 2147483647;
			files = (
				D1B903A5279E6961001792B4 /* Security.framework in Frameworks */,
				D155A53C26133FAF0015464C /* SystemConfiguration.framework in Frameworks */,
				D155A53926133F950015464C /* JavaScriptCore.framework in Frameworks */,
				D155A53326133F3D0015464C /* LDAP.framework in Frameworks */,
				D130064F12F02D9700702C0E /* Cocoa.framework in Frameworks */,
				D1B903A9279E6ABC001792B4 /* GSS.framework in Frameworks */,
				D155A546261346DD0015464C /* libbrotlidec-static.a in Frameworks */,
				D1B903A4279E6566001792B4 /* libssh2.a in Frameworks */,
				D155A51126130E820015464C /* libnghttp2.a in Frameworks */,
				D155A50A26130E820015464C /* libcrypto.a in Frameworks */,
				D155A50B26130E820015464C /* libproxy.a in Frameworks */,
				D1B903A7279E6A60001792B4 /* librtmp.a in Frameworks */,
				D155A50926130E820015464C /* libmodman.a in Frameworks */,
				D155A50D26130E820015464C /* libidn2.a in Frameworks */,
				D155A51026130E820015464C /* libjsoncpp.a in Frameworks */,
				D157E67E261461A600F340B7 /* libiconv.a in Frameworks */,
				D155A50726130E820015464C /* libunistring.a in Frameworks */,
				D155A50C26130E820015464C /* libz.a in Frameworks */,
				D155A545261346DD0015464C /* libbrotlicommon-static.a in Frameworks */,
				D155A544261346DD0015464C /* libbrotlienc-static.a in Frameworks */,
				D155A53026133EB50015464C /* libcurl.a in Frameworks */,
				D155A51226130E820015464C /* libssl.a in Frameworks */,
				D155A53F261345690015464C /* libzstd.a in Frameworks */,
			);
			runOnlyForDeploymentPostprocessing = 0;
		};
/* End PBXFrameworksBuildPhase section */

/* Begin PBXGroup section */
		089C166AFE841209C02AAC07 /* cURL */ = {
			isa = PBXGroup;
			children = (
				D155A5292613351E0015464C /* 4DPlugin-JSON.cpp */,
				D155A52A2613351E0015464C /* 4DPlugin-JSON.h */,
				D155A51626130F900015464C /* C_BLOB.cpp */,
				D155A51726130F900015464C /* C_BLOB.h */,
				D155A51E26130FBC0015464C /* C_TEXT.cpp */,
				D155A51D26130FBC0015464C /* C_TEXT.h */,
				D155A54926135ABF0015464C /* C_LONGINT.cpp */,
				D155A54826135ABF0015464C /* C_LONGINT.h */,
				D155A51526130F900015464C /* C_TYPES.h */,
				D155A524261332130015464C /* ufopen.c */,
				D155A523261332130015464C /* ufopen.h */,
				D155A542261346DD0015464C /* libbrotlicommon-static.a */,
				D155A543261346DD0015464C /* libbrotlidec-static.a */,
				D155A541261346DD0015464C /* libbrotlienc-static.a */,
				D155A53E261345690015464C /* libzstd.a */,
				D155A52F26133EB50015464C /* libcurl.a */,
				D155A4FE26130E820015464C /* libcrypto.a */,
				D157E67D261461A600F340B7 /* libiconv.a */,
				D155A50126130E820015464C /* libidn2.a */,
				D155A50426130E820015464C /* libjsoncpp.a */,
				D155A4FD26130E820015464C /* libmodman.a */,
				D155A50526130E820015464C /* libnghttp2.a */,
				D155A4FF26130E820015464C /* libproxy.a */,
				D155A4FC26130E820015464C /* libssh2.a */,
				D155A50626130E820015464C /* libssl.a */,
				D155A4FB26130E820015464C /* libunistring.a */,
				D155A50026130E820015464C /* libz.a */,
				D108BD7A1A03D1E6001F1B90 /* Manifest */,
				08FB77ADFE841716C02AAC07 /* Source */,
				089C167CFE841241C02AAC07 /* Resources */,
				089C1671FE841209C02AAC07 /* External Frameworks and Libraries */,
				189286360695AD8900B05D6E /* Products */,
				D16FBB3C22A4C07E008F0416 /* Frameworks */,
			);
			name = cURL;
			sourceTree = "<group>";
		};
		089C1671FE841209C02AAC07 /* External Frameworks and Libraries */ = {
			isa = PBXGroup;
			children = (
				D130064E12F02D9700702C0E /* Cocoa.framework */,
			);
			name = "External Frameworks and Libraries";
			sourceTree = "<group>";
		};
		089C167CFE841241C02AAC07 /* Resources */ = {
			isa = PBXGroup;
			children = (
				8D01CCD10486CAD60068D4B7 /* Info.plist */,
				089C167DFE841241C02AAC07 /* InfoPlist.strings */,
			);
			name = Resources;
			sourceTree = "<group>";
		};
		08FB77ADFE841716C02AAC07 /* Source */ = {
			isa = PBXGroup;
			children = (
				18B684FE06944F8800CC6A1E /* 4DPlugin-cURL.cpp */,
				D120937E13534DCC00A72CAA /* 4DPlugin-cURL.h */,
				D1BF53F9270EB85800F6E1EE /* ftpparse.c */,
				D1BF53F6270EB85400F6E1EE /* ftpparse.h */,
				18B684ED06944F2000CC6A1E /* 4D Plugin API */,
			);
			name = Source;
			sourceTree = "<group>";
		};
		189286360695AD8900B05D6E /* Products */ = {
			isa = PBXGroup;
			children = (
				189286350695AD8900B05D6E /* cURL.bundle */,
			);
			name = Products;
			sourceTree = "<group>";
		};
		18B684ED06944F2000CC6A1E /* 4D Plugin API */ = {
			isa = PBXGroup;
			children = (
				D13116A81A03ACB700DE1322 /* 4DPluginAPI.c */,
				18B684F006944F2000CC6A1E /* 4DPluginAPI.h */,
				18B684F106944F2000CC6A1E /* EntryPoints.h */,
				18B684F206944F2000CC6A1E /* Flags.h */,
				18B684F306944F2000CC6A1E /* PrivateTypes.h */,
				18B684F406944F2000CC6A1E /* PublicTypes.h */,
			);
			path = "4D Plugin API";
			sourceTree = "<group>";
		};
		D108BD7A1A03D1E6001F1B90 /* Manifest */ = {
			isa = PBXGroup;
			children = (
				D134D4A91A030B06008D14EF /* manifest.json */,
				D14D10DD1A03A8A5008B3411 /* constants.xlf */,
			);
			name = Manifest;
			sourceTree = "<group>";
		};
		D16FBB3C22A4C07E008F0416 /* Frameworks */ = {
			isa = PBXGroup;
			children = (
				D1B903A8279E6ABC001792B4 /* GSS.framework */,
				D1B903A6279E6A4C001792B4 /* librtmp.a */,
				D1B903A3279E6329001792B4 /* ssh-keychain.tbd */,
				D157E66B26145FEC00F340B7 /* libiconv.tbd */,
				D155A53B26133FAF0015464C /* SystemConfiguration.framework */,
				D155A53826133F950015464C /* JavaScriptCore.framework */,
				D155A53526133F470015464C /* Security.framework */,
				D155A53226133F3D0015464C /* LDAP.framework */,
			);
			name = Frameworks;
			sourceTree = "<group>";
		};
/* End PBXGroup section */

/* Begin PBXHeadersBuildPhase section */
		8D01CCC70486CAD60068D4B7 /* Headers */ = {
			isa = PBXHeadersBuildPhase;
			buildActionMask = 2147483647;
			files = (
				D155A51826130F900015464C /* C_TYPES.h in Headers */,
				D155A52C2613351E0015464C /* 4DPlugin-JSON.h in Headers */,
				D155A54A26135ABF0015464C /* C_LONGINT.h in Headers */,
				D155A525261332130015464C /* ufopen.h in Headers */,
				18B684F706944F2000CC6A1E /* 4DPluginAPI.h in Headers */,
				D1BF53F7270EB85400F6E1EE /* ftpparse.h in Headers */,
				18B684F806944F2000CC6A1E /* EntryPoints.h in Headers */,
				18B684F906944F2000CC6A1E /* Flags.h in Headers */,
				18B684FA06944F2000CC6A1E /* PrivateTypes.h in Headers */,
				D155A51F26130FBC0015464C /* C_TEXT.h in Headers */,
				18B684FB06944F2000CC6A1E /* PublicTypes.h in Headers */,
				D120937F13534DCC00A72CAA /* 4DPlugin-cURL.h in Headers */,
				D155A51A26130F900015464C /* C_BLOB.h in Headers */,
			);
			runOnlyForDeploymentPostprocessing = 0;
		};
/* End PBXHeadersBuildPhase section */

/* Begin PBXNativeTarget section */
		8D01CCC60486CAD60068D4B7 /* cURL */ = {
			isa = PBXNativeTarget;
			buildConfigurationList = 42D60B3F0A9DDBC8002ABB42 /* Build configuration list for PBXNativeTarget "cURL" */;
			buildPhases = (
				8D01CCC70486CAD60068D4B7 /* Headers */,
				8D01CCC90486CAD60068D4B7 /* Resources */,
				D134D4AB1A030B7A008D14EF /* CopyFiles */,
				8D01CCCB0486CAD60068D4B7 /* Sources */,
				8D01CCCD0486CAD60068D4B7 /* Frameworks */,
				8D01CCCF0486CAD60068D4B7 /* Rez */,
				D1292E7B22C4A91E00CB5A8C /* ShellScript */,
			);
			buildRules = (
			);
			dependencies = (
			);
			name = cURL;
			productInstallPath = "$(HOME)/Library/Bundles";
			productName = cURL;
			productReference = 189286350695AD8900B05D6E /* cURL.bundle */;
			productType = "com.apple.product-type.bundle";
		};
/* End PBXNativeTarget section */

/* Begin PBXProject section */
		089C1669FE841209C02AAC07 /* Project object */ = {
			isa = PBXProject;
			attributes = {
				LastUpgradeCheck = 1020;
				TargetAttributes = {
					8D01CCC60486CAD60068D4B7 = {
						DevelopmentTeam = Y69CWUC25B;
						ProvisioningStyle = Manual;
					};
				};
			};
			buildConfigurationList = 42D60B430A9DDBC8002ABB42 /* Build configuration list for PBXProject "cURL" */;
			compatibilityVersion = "Xcode 3.2";
			developmentRegion = English;
			hasScannedForEncodings = 1;
			knownRegions = (
				English,
				Japanese,
				French,
				German,
			);
			mainGroup = 089C166AFE841209C02AAC07 /* cURL */;
			productRefGroup = 189286360695AD8900B05D6E /* Products */;
			projectDirPath = "";
			projectRoot = "";
			targets = (
				8D01CCC60486CAD60068D4B7 /* cURL */,
			);
		};
/* End PBXProject section */

/* Begin PBXResourcesBuildPhase section */
		8D01CCC90486CAD60068D4B7 /* Resources */ = {
			isa = PBXResourcesBuildPhase;
			buildActionMask = 2147483647;
			files = (
				8D01CCCA0486CAD60068D4B7 /* InfoPlist.strings in Resources */,
			);
			runOnlyForDeploymentPostprocessing = 0;
		};
/* End PBXResourcesBuildPhase section */

/* Begin PBXRezBuildPhase section */
		8D01CCCF0486CAD60068D4B7 /* Rez */ = {
			isa = PBXRezBuildPhase;
			buildActionMask = 2147483647;
			files = (
			);
			runOnlyForDeploymentPostprocessing = 0;
		};
/* End PBXRezBuildPhase section */

/* Begin PBXShellScriptBuildPhase section */
		D1292E7B22C4A91E00CB5A8C /* ShellScript */ = {
			isa = PBXShellScriptBuildPhase;
			buildActionMask = 2147483647;
			files = (
			);
			inputPaths = (
			);
			outputPaths = (
			);
			runOnlyForDeploymentPostprocessing = 0;
			shellPath = /bin/sh;
			shellScript = "if test \"$CONFIGURATION\" == 'Deployment'; then\n\n    USER_NAME=keisuke.miyako@4d.com\n    UUID=`uuidgen | tr -d - | tr -d '\\n' | tr '[:upper:]' '[:lower:]'`\n    DEVELOPER_ID=`security find-identity -p codesigning -v | egrep 'Developer ID Application[^\"]+' -o`\n    PRODUCT_PATH=\"$CODESIGNING_FOLDER_PATH\"\n    \n    #clean\n    xattr -cr \"$PRODUCT_PATH\"\n    codesign --remove-signature \"$PRODUCT_PATH\"\n    \n    #sign\n    codesign --verbose --deep --timestamp --force --sign \"$DEVELOPER_ID\" \"$PRODUCT_PATH\"\n    \n    #archive\n    DMG_PATH=\"$PROJECT_DIR/$PRODUCT_NAME.dmg\"\n    ZIP_PATH=\"$PROJECT_DIR/$PRODUCT_NAME.zip\" #for windows\n    rm -f \"$DMG_PATH\"\n    hdiutil create -format UDBZ -plist -srcfolder \"$PRODUCT_PATH\" \"$DMG_PATH\"\n    rm -f \"$ZIP_PATH\"\n    ditto -c -k --keepParent \"$PRODUCT_PATH\" \"$ZIP_PATH\"\n    \n    # must staple the same dmg that was submitted for notarisation\n    # to staple the bundle inside the dmg too,\n    # one must:\n    # sign the bundle\n    # archive the bundle and notarise the dmg\n    # staple the bundle\n    # archive the bundle and notarise the dmg again\n    # staple the dmg\n    # here, we just staple the dmg. it should be sufficient    \n    \n    #round 2\n    echo \"# staple only the dmg\"\n    echo \"\\r\"\n    echo \"xcrun stapler staple \\\"$DMG_PATH\\\"\"\n    echo \"\\r\"\n    \n    #round 3 (optional)\n    echo \"# staple the bundle and the dmg\"\n    echo \"\\r\"\n    echo \"xcrun stapler staple \\\"$PRODUCT_PATH\\\"\"\n    echo \"rm -f \\\"$DMG_PATH\\\"\"\n    echo \"hdiutil create -format UDBZ -plist -srcfolder  \\\"$PRODUCT_PATH\\\" \\\"$DMG_PATH\\\" \"\n    echo \"xcrun altool --notarize-app --file \\\"$DMG_PATH\\\" --username \\\"$USER_NAME\\\" --password \\\"@keychain:altool\\\" --primary-bundle-id $PRODUCT_BUNDLE_IDENTIFIER.$UUID\"\n    echo \"\\r\"\n    \n    #round 1\n    xcrun altool --notarize-app --file \"$DMG_PATH\" --username \"$USER_NAME\" --password \"@keychain:altool\" --primary-bundle-id $PRODUCT_BUNDLE_IDENTIFIER.$UUID\n    \n    #for round 3    \n    UUID=`uuidgen | tr -d - | tr -d '\\n' | tr '[:upper:]' '[:lower:]'`\nelse\n    echo \"No notarization performed as this is not a release build.\"\nfi\n";
		};
/* End PBXShellScriptBuildPhase section */

/* Begin PBXSourcesBuildPhase section */
		8D01CCCB0486CAD60068D4B7 /* Sources */ = {
			isa = PBXSourcesBuildPhase;
			buildActionMask = 2147483647;
			files = (
				D1BF53FA270EB85800F6E1EE /* ftpparse.c in Sources */,
				D155A51926130F900015464C /* C_BLOB.cpp in Sources */,
				D155A526261332130015464C /* ufopen.c in Sources */,
				D155A54B26135ABF0015464C /* C_LONGINT.cpp in Sources */,
				18B684FF06944F8800CC6A1E /* 4DPlugin-cURL.cpp in Sources */,
				D155A52026130FBC0015464C /* C_TEXT.cpp in Sources */,
				D155A52B2613351E0015464C /* 4DPlugin-JSON.cpp in Sources */,
				D13116A91A03ACB700DE1322 /* 4DPluginAPI.c in Sources */,
			);
			runOnlyForDeploymentPostprocessing = 0;
		};
/* End PBXSourcesBuildPhase section */

/* Begin PBXVariantGroup section */
		089C167DFE841241C02AAC07 /* InfoPlist.strings */ = {
			isa = PBXVariantGroup;
			children = (
				089C167EFE841241C02AAC07 /* English */,
			);
			name = InfoPlist.strings;
			sourceTree = "<group>";
		};
/* End PBXVariantGroup section */

/* Begin XCBuildConfiguration section */
		42D60B400A9DDBC8002ABB42 /* Development */ = {
			isa = XCBuildConfiguration;
			buildSettings = {
				ALWAYS_SEARCH_USER_PATHS = NO;
				CLANG_CXX_LANGUAGE_STANDARD = "c++0x";
				CLANG_CXX_LIBRARY = "libc++";
				CLANG_LINK_OBJC_RUNTIME = NO;
				CODE_SIGN_IDENTITY = "";
				CODE_SIGN_STYLE = Manual;
				COMBINE_HIDPI_IMAGES = YES;
				COPY_PHASE_STRIP = NO;
				DEBUGGING_SYMBOLS = YES;
				DEPLOYMENT_LOCATION = NO;
				DEVELOPMENT_TEAM = Y69CWUC25B;
				FRAMEWORK_SEARCH_PATHS = "";
				GCC_C_LANGUAGE_STANDARD = "compiler-default";
				GCC_DYNAMIC_NO_PIC = NO;
				GCC_ENABLE_FIX_AND_CONTINUE = YES;
				GCC_ENABLE_TRIGRAPHS = NO;
				GCC_GENERATE_DEBUGGING_SYMBOLS = YES;
				GCC_OPTIMIZATION_LEVEL = 0;
				GCC_PRECOMPILE_PREFIX_HEADER = YES;
				GCC_PREFIX_HEADER = "";
				GCC_VERSION = "";
				GCC_WARN_ABOUT_MISSING_PROTOTYPES = NO;
				GCC_WARN_FOUR_CHARACTER_CONSTANTS = NO;
				GCC_WARN_UNKNOWN_PRAGMAS = NO;
				HEADER_SEARCH_PATHS = (
					include/json,
					include/curl_mac,
					include,
				);
				INFOPLIST_FILE = Info.plist;
				INSTALL_PATH = "$(HOME)/Library/Bundles";
				LIBRARY_SEARCH_PATHS = (
					"$(PROJECT_DIR)/lib",
					"$(PROJECT_DIR)/a",
				);
				LIBRARY_STYLE = Bundle;
				MARKETING_VERSION = 4.4.7;
				ONLY_ACTIVE_ARCH = NO;
				OTHER_CFLAGS = "";
				OTHER_LDFLAGS = "";
				OTHER_REZFLAGS = "";
				PRODUCT_BUNDLE_IDENTIFIER = com.4D.cURL;
				PRODUCT_NAME = cURL;
				PROVISIONING_PROFILE_SPECIFIER = "";
				SDKROOT = macosx;
				SECTORDER_FLAGS = "";
				WARNING_CFLAGS = (
					"-Wmost",
					"-Wno-four-char-constants",
					"-Wno-unknown-pragmas",
				);
				WRAPPER_EXTENSION = bundle;
				ZERO_LINK = YES;
			};
			name = Development;
		};
		42D60B410A9DDBC8002ABB42 /* Deployment */ = {
			isa = XCBuildConfiguration;
			buildSettings = {
				ALWAYS_SEARCH_USER_PATHS = NO;
				CLANG_CXX_LANGUAGE_STANDARD = "c++0x";
				CLANG_CXX_LIBRARY = "libc++";
				CLANG_LINK_OBJC_RUNTIME = NO;
				CODE_SIGN_IDENTITY = "";
				CODE_SIGN_STYLE = Manual;
				COMBINE_HIDPI_IMAGES = YES;
				COPY_PHASE_STRIP = YES;
				DEPLOYMENT_LOCATION = NO;
				DEVELOPMENT_TEAM = Y69CWUC25B;
				FRAMEWORK_SEARCH_PATHS = "";
				GCC_C_LANGUAGE_STANDARD = "compiler-default";
				GCC_ENABLE_FIX_AND_CONTINUE = NO;
				GCC_ENABLE_TRIGRAPHS = NO;
				GCC_GENERATE_DEBUGGING_SYMBOLS = NO;
				GCC_PRECOMPILE_PREFIX_HEADER = YES;
				GCC_PREFIX_HEADER = "";
				GCC_VERSION = "";
				GCC_WARN_ABOUT_MISSING_PROTOTYPES = NO;
				GCC_WARN_FOUR_CHARACTER_CONSTANTS = NO;
				GCC_WARN_UNKNOWN_PRAGMAS = NO;
				HEADER_SEARCH_PATHS = (
					include/json,
					include/curl_mac,
					include,
				);
				INFOPLIST_FILE = Info.plist;
				INSTALL_PATH = "$(HOME)/Library/Bundles";
				LIBRARY_SEARCH_PATHS = (
					"$(PROJECT_DIR)/lib",
					"$(PROJECT_DIR)/a",
				);
				LIBRARY_STYLE = Bundle;
				MARKETING_VERSION = 4.4.7;
				ONLY_ACTIVE_ARCH = NO;
				OTHER_CFLAGS = "";
				OTHER_LDFLAGS = "";
				OTHER_REZFLAGS = "";
				PRODUCT_BUNDLE_IDENTIFIER = com.4D.cURL;
				PRODUCT_NAME = cURL;
				PROVISIONING_PROFILE_SPECIFIER = "";
				SDKROOT = macosx;
				SECTORDER_FLAGS = "";
				WARNING_CFLAGS = (
					"-Wmost",
					"-Wno-four-char-constants",
					"-Wno-unknown-pragmas",
				);
				WRAPPER_EXTENSION = bundle;
				ZERO_LINK = NO;
			};
			name = Deployment;
		};
		42D60B420A9DDBC8002ABB42 /* Default */ = {
			isa = XCBuildConfiguration;
			buildSettings = {
				ALWAYS_SEARCH_USER_PATHS = NO;
				CLANG_CXX_LANGUAGE_STANDARD = "c++0x";
				CLANG_CXX_LIBRARY = "libc++";
				CLANG_LINK_OBJC_RUNTIME = NO;
				CODE_SIGN_IDENTITY = "";
				CODE_SIGN_STYLE = Manual;
				COMBINE_HIDPI_IMAGES = YES;
				DEPLOYMENT_LOCATION = NO;
				DEVELOPMENT_TEAM = Y69CWUC25B;
				FRAMEWORK_SEARCH_PATHS = "";
				GCC_C_LANGUAGE_STANDARD = "compiler-default";
				GCC_ENABLE_TRIGRAPHS = NO;
				GCC_GENERATE_DEBUGGING_SYMBOLS = NO;
				GCC_PRECOMPILE_PREFIX_HEADER = YES;
				GCC_PREFIX_HEADER = "";
				GCC_VERSION = "";
				GCC_WARN_ABOUT_MISSING_PROTOTYPES = NO;
				GCC_WARN_FOUR_CHARACTER_CONSTANTS = NO;
				GCC_WARN_UNKNOWN_PRAGMAS = NO;
				HEADER_SEARCH_PATHS = (
					include/json,
					include/curl_mac,
					include,
				);
				INFOPLIST_FILE = Info.plist;
				INSTALL_PATH = "$(HOME)/Library/Bundles";
				LIBRARY_SEARCH_PATHS = (
					"$(PROJECT_DIR)/lib",
					"$(PROJECT_DIR)/a",
				);
				LIBRARY_STYLE = Bundle;
				MARKETING_VERSION = 4.4.7;
				ONLY_ACTIVE_ARCH = NO;
				OTHER_CFLAGS = "";
				OTHER_LDFLAGS = "";
				OTHER_REZFLAGS = "";
				PRODUCT_BUNDLE_IDENTIFIER = com.4D.cURL;
				PRODUCT_NAME = cURL;
				PROVISIONING_PROFILE_SPECIFIER = "";
				SDKROOT = macosx;
				SECTORDER_FLAGS = "";
				WARNING_CFLAGS = (
					"-Wmost",
					"-Wno-four-char-constants",
					"-Wno-unknown-pragmas",
				);
				WRAPPER_EXTENSION = bundle;
			};
			name = Default;
		};
		42D60B440A9DDBC8002ABB42 /* Development */ = {
			isa = XCBuildConfiguration;
			buildSettings = {
				ALWAYS_SEARCH_USER_PATHS = NO;
				ARCHS = "$(ARCHS_STANDARD)";
				CLANG_CXX_LIBRARY = "libc++";
				CLANG_WARN_BLOCK_CAPTURE_AUTORELEASING = YES;
				CLANG_WARN_BOOL_CONVERSION = YES;
				CLANG_WARN_COMMA = YES;
				CLANG_WARN_CONSTANT_CONVERSION = YES;
				CLANG_WARN_DEPRECATED_OBJC_IMPLEMENTATIONS = YES;
				CLANG_WARN_EMPTY_BODY = YES;
				CLANG_WARN_ENUM_CONVERSION = YES;
				CLANG_WARN_INFINITE_RECURSION = YES;
				CLANG_WARN_INT_CONVERSION = YES;
				CLANG_WARN_NON_LITERAL_NULL_CONVERSION = YES;
				CLANG_WARN_OBJC_IMPLICIT_RETAIN_SELF = YES;
				CLANG_WARN_OBJC_LITERAL_CONVERSION = YES;
				CLANG_WARN_RANGE_LOOP_ANALYSIS = YES;
				CLANG_WARN_STRICT_PROTOTYPES = YES;
				CLANG_WARN_SUSPICIOUS_MOVE = YES;
				CLANG_WARN_UNREACHABLE_CODE = YES;
				CLANG_WARN__DUPLICATE_METHOD_MATCH = YES;
				CODE_SIGN_IDENTITY = "";
				CODE_SIGN_INJECT_BASE_ENTITLEMENTS = NO;
				CODE_SIGN_STYLE = Manual;
				CONFIGURATION_BUILD_DIR = "$(BUILD_DIR)";
				DEVELOPMENT_TEAM = Y69CWUC25B;
				ENABLE_STRICT_OBJC_MSGSEND = YES;
				GCC_INLINES_ARE_PRIVATE_EXTERN = YES;
				GCC_NO_COMMON_BLOCKS = YES;
				GCC_SYMBOLS_PRIVATE_EXTERN = YES;
				GCC_VERSION = "";
				GCC_WARN_64_TO_32_BIT_CONVERSION = YES;
				GCC_WARN_ABOUT_RETURN_TYPE = YES;
				GCC_WARN_UNDECLARED_SELECTOR = YES;
				GCC_WARN_UNINITIALIZED_AUTOS = YES;
				GCC_WARN_UNUSED_FUNCTION = YES;
				GCC_WARN_UNUSED_VARIABLE = YES;
				HEADER_SEARCH_PATHS = (
					include/json,
					include/curl_mac,
					include,
				);
				MACOSX_DEPLOYMENT_TARGET = 10.14;
				OBJROOT = "$(SRCROOT)/build";
				ONLY_ACTIVE_ARCH = NO;
				SDKROOT = macosx;
				SYMROOT = "$(SRCROOT)/test/Plugins";
			};
			name = Development;
		};
		42D60B450A9DDBC8002ABB42 /* Deployment */ = {
			isa = XCBuildConfiguration;
			buildSettings = {
				ALWAYS_SEARCH_USER_PATHS = NO;
				ARCHS = "$(ARCHS_STANDARD)";
				CLANG_CXX_LIBRARY = "libc++";
				CLANG_WARN_BLOCK_CAPTURE_AUTORELEASING = YES;
				CLANG_WARN_BOOL_CONVERSION = YES;
				CLANG_WARN_COMMA = YES;
				CLANG_WARN_CONSTANT_CONVERSION = YES;
				CLANG_WARN_DEPRECATED_OBJC_IMPLEMENTATIONS = YES;
				CLANG_WARN_EMPTY_BODY = YES;
				CLANG_WARN_ENUM_CONVERSION = YES;
				CLANG_WARN_INFINITE_RECURSION = YES;
				CLANG_WARN_INT_CONVERSION = YES;
				CLANG_WARN_NON_LITERAL_NULL_CONVERSION = YES;
				CLANG_WARN_OBJC_IMPLICIT_RETAIN_SELF = YES;
				CLANG_WARN_OBJC_LITERAL_CONVERSION = YES;
				CLANG_WARN_RANGE_LOOP_ANALYSIS = YES;
				CLANG_WARN_STRICT_PROTOTYPES = YES;
				CLANG_WARN_SUSPICIOUS_MOVE = YES;
				CLANG_WARN_UNREACHABLE_CODE = YES;
				CLANG_WARN__DUPLICATE_METHOD_MATCH = YES;
				CODE_SIGN_IDENTITY = "";
				CODE_SIGN_INJECT_BASE_ENTITLEMENTS = NO;
				CODE_SIGN_STYLE = Manual;
				CONFIGURATION_BUILD_DIR = "$(BUILD_DIR)";
				DEVELOPMENT_TEAM = Y69CWUC25B;
				ENABLE_STRICT_OBJC_MSGSEND = YES;
				GCC_INLINES_ARE_PRIVATE_EXTERN = YES;
				GCC_NO_COMMON_BLOCKS = YES;
				GCC_SYMBOLS_PRIVATE_EXTERN = YES;
				GCC_VERSION = "";
				GCC_WARN_64_TO_32_BIT_CONVERSION = YES;
				GCC_WARN_ABOUT_RETURN_TYPE = YES;
				GCC_WARN_UNDECLARED_SELECTOR = YES;
				GCC_WARN_UNINITIALIZED_AUTOS = YES;
				GCC_WARN_UNUSED_FUNCTION = YES;
				GCC_WARN_UNUSED_VARIABLE = YES;
				HEADER_SEARCH_PATHS = (
					include/json,
					include/curl_mac,
					include,
				);
				MACOSX_DEPLOYMENT_TARGET = 10.14;
				OBJROOT = "$(SRCROOT)/build";
				ONLY_ACTIVE_ARCH = NO;
				SDKROOT = macosx;
				SYMROOT = "$(SRCROOT)/test/Plugins";
			};
			name = Deployment;
		};
		42D60B460A9DDBC8002ABB42 /* Default */ = {
			isa = XCBuildConfiguration;
			buildSettings = {
				ALWAYS_SEARCH_USER_PATHS = NO;
				ARCHS = "$(ARCHS_STANDARD)";
				CLANG_CXX_LIBRARY = "libc++";
				CLANG_WARN_BLOCK_CAPTURE_AUTORELEASING = YES;
				CLANG_WARN_BOOL_CONVERSION = YES;
				CLANG_WARN_COMMA = YES;
				CLANG_WARN_CONSTANT_CONVERSION = YES;
				CLANG_WARN_DEPRECATED_OBJC_IMPLEMENTATIONS = YES;
				CLANG_WARN_EMPTY_BODY = YES;
				CLANG_WARN_ENUM_CONVERSION = YES;
				CLANG_WARN_INFINITE_RECURSION = YES;
				CLANG_WARN_INT_CONVERSION = YES;
				CLANG_WARN_NON_LITERAL_NULL_CONVERSION = YES;
				CLANG_WARN_OBJC_IMPLICIT_RETAIN_SELF = YES;
				CLANG_WARN_OBJC_LITERAL_CONVERSION = YES;
				CLANG_WARN_RANGE_LOOP_ANALYSIS = YES;
				CLANG_WARN_STRICT_PROTOTYPES = YES;
				CLANG_WARN_SUSPICIOUS_MOVE = YES;
				CLANG_WARN_UNREACHABLE_CODE = YES;
				CLANG_WARN__DUPLICATE_METHOD_MATCH = YES;
				CODE_SIGN_IDENTITY = "";
				CODE_SIGN_INJECT_BASE_ENTITLEMENTS = NO;
				CODE_SIGN_STYLE = Manual;
				CONFIGURATION_BUILD_DIR = "$(BUILD_DIR)";
				DEVELOPMENT_TEAM = Y69CWUC25B;
				ENABLE_STRICT_OBJC_MSGSEND = YES;
				GCC_INLINES_ARE_PRIVATE_EXTERN = YES;
				GCC_NO_COMMON_BLOCKS = YES;
				GCC_SYMBOLS_PRIVATE_EXTERN = YES;
				GCC_VERSION = "";
				GCC_WARN_64_TO_32_BIT_CONVERSION = YES;
				GCC_WARN_ABOUT_RETURN_TYPE = YES;
				GCC_WARN_UNDECLARED_SELECTOR = YES;
				GCC_WARN_UNINITIALIZED_AUTOS = YES;
				GCC_WARN_UNUSED_FUNCTION = YES;
				GCC_WARN_UNUSED_VARIABLE = YES;
				HEADER_SEARCH_PATHS = (
					include/json,
					include/curl_mac,
					include,
				);
				MACOSX_DEPLOYMENT_TARGET = 10.14;
				ONLY_ACTIVE_ARCH = NO;
				SDKROOT = macosx;
				SYMROOT = "$(SRCROOT)/test/Plugins";
			};
			name = Default;
		};
/* End XCBuildConfiguration section */

/* Begin XCConfigurationList section */
		42D60B3F0A9DDBC8002ABB42 /* Build configuration list for PBXNativeTarget "cURL" */ = {
			isa = XCConfigurationList;
			buildConfigurations = (
				42D60B400A9DDBC8002ABB42 /* Development */,
				42D60B410A9DDBC8002ABB42 /* Deployment */,
				42D60B420A9DDBC8002ABB42 /* Default */,
			);
			defaultConfigurationIsVisible = 0;
			defaultConfigurationName = Default;
		};
		42D60B430A9DDBC8002ABB42 /* Build configuration list for PBXProject "cURL" */ = {
			isa = XCConfigurationList;
			buildConfigurations = (
				42D60B440A9DDBC8002ABB42 /* Development */,
				42D60B450A9DDBC8002ABB42 /* Deployment */,
				42D60B460A9DDBC8002ABB42 /* Default */,
			);
			defaultConfigurationIsVisible = 0;
			defaultConfigurationName = Default;
		};
/* End XCConfigurationList section */
	};
	rootObject = 089C1669FE841209C02AAC07 /* Project object */;
}
