<?xml version="1.0" encoding="utf-8"?>
<Project ToolsVersion="4.0" xmlns="http://schemas.microsoft.com/developer/msbuild/2003">
  <ItemGroup>
    <Filter Include="Source">
      <UniqueIdentifier>{b9208b57-760e-40cf-97b7-ce9d54e897c5}</UniqueIdentifier>
    </Filter>
    <Filter Include="Source\4D Plugin API">
      <UniqueIdentifier>{1cb6cb33-de92-4bdc-a593-58f36c930438}</UniqueIdentifier>
    </Filter>
  </ItemGroup>
  <ItemGroup>
    <ClCompile Include="4D Plugin API\4DPluginAPI.c">
      <Filter>Source\4D Plugin API</Filter>
    </ClCompile>
    <ClCompile Include="4DPlugin-cURL.cpp">
      <Filter>Source</Filter>
    </ClCompile>
    <ClCompile Include="support\4DPlugin-JSON.cpp" />
    <ClCompile Include="support\ufopen.c">
      <Filter>Source</Filter>
    </ClCompile>
    <ClCompile Include="4D Plugin API\Classes\C_BLOB.cpp" />
    <ClCompile Include="4D Plugin API\Classes\C_LONGINT.cpp" />
    <ClCompile Include="4D Plugin API\Classes\C_TEXT.cpp" />
    <ClCompile Include="include\ftpparse.c">
      <Filter>Source</Filter>
    </ClCompile>
  </ItemGroup>
  <ItemGroup>
    <ClInclude Include="4D Plugin API\4DPluginAPI.h">
      <Filter>Source\4D Plugin API</Filter>
    </ClInclude>
    <ClInclude Include="4D Plugin API\EntryPoints.h">
      <Filter>Source\4D Plugin API</Filter>
    </ClInclude>
    <ClInclude Include="4D Plugin API\Flags.h">
      <Filter>Source\4D Plugin API</Filter>
    </ClInclude>
    <ClInclude Include="4D Plugin API\PrivateTypes.h">
      <Filter>Source\4D Plugin API</Filter>
    </ClInclude>
    <ClInclude Include="4D Plugin API\PublicTypes.h">
      <Filter>Source\4D Plugin API</Filter>
    </ClInclude>
    <ClInclude Include="4DPlugin-cURL.h">
      <Filter>Source</Filter>
    </ClInclude>
    <ClInclude Include="support\4DPlugin-JSON.h" />
    <ClInclude Include="support\ufopen.h">
      <Filter>Source</Filter>
    </ClInclude>
    <ClInclude Include="4D Plugin API\Classes\C_BLOB.h" />
    <ClInclude Include="4D Plugin API\Classes\C_LONGINT.h" />
    <ClInclude Include="4D Plugin API\Classes\C_TEXT.h" />
    <ClInclude Include="4D Plugin API\Classes\C_TYPES.h" />
    <ClInclude Include="include\ftpparse.h">
      <Filter>Source</Filter>
    </ClInclude>
  </ItemGroup>
  <ItemGroup>
    <None Include="4D Plugin API\4DPluginAPI.def">
      <Filter>Source\4D Plugin API</Filter>
    </None>
  </ItemGroup>
</Project>